{
  "name": "test-vite-lib",
  "version": "0.0.1",
  "lockfileVersion": 1,
  "requires": true,
  "dependencies": {
    "@ant-design/colors": {
      "version": "6.0.0",
      "resolved": "https://registry.npmjs.org/@ant-design/colors/-/colors-6.0.0.tgz",
      "integrity": "sha512-qAZRvPzfdWHtfameEGP2Qvuf838NhergR35o+EuVyB5XvSA98xod5r4utvi4TJ3ywmevm290g9nsCG5MryrdWQ==",
      "requires": {
        "@ctrl/tinycolor": "^3.4.0"
      }
    },
    "@ant-design/icons": {
      "version": "4.6.2",
      "resolved": "https://registry.npmjs.org/@ant-design/icons/-/icons-4.6.2.tgz",
      "integrity": "sha512-QsBG2BxBYU/rxr2eb8b2cZ4rPKAPBpzAR+0v6rrZLp/lnyvflLH3tw1vregK+M7aJauGWjIGNdFmUfpAOtw25A==",
      "requires": {
        "@ant-design/colors": "^6.0.0",
        "@ant-design/icons-svg": "^4.0.0",
        "@babel/runtime": "^7.11.2",
        "classnames": "^2.2.6",
        "rc-util": "^5.9.4"
      }
    },
    "@ant-design/icons-svg": {
      "version": "4.1.0",
      "resolved": "https://registry.npmjs.org/@ant-design/icons-svg/-/icons-svg-4.1.0.tgz",
      "integrity": "sha512-Fi03PfuUqRs76aI3UWYpP864lkrfPo0hluwGqh7NJdLhvH4iRDc3jbJqZIvRDLHKbXrvAfPPV3+zjUccfFvWOQ=="
    },
    "@ant-design/react-slick": {
      "version": "0.28.3",
      "resolved": "https://registry.npmjs.org/@ant-design/react-slick/-/react-slick-0.28.3.tgz",
      "integrity": "sha512-u3onF2VevGRbkGbgpldVX/nzd7LFtLeZJE0x2xIFT2qYHKkJZ6QT/jQ7KqYK4UpeTndoyrbMqLN4DiJza4BVBg==",
      "requires": {
        "@babel/runtime": "^7.10.4",
        "classnames": "^2.2.5",
        "json2mq": "^0.2.0",
        "lodash": "^4.17.21",
        "resize-observer-polyfill": "^1.5.0"
      }
    },
    "@babel/runtime": {
      "version": "7.14.0",
      "resolved": "https://registry.npmjs.org/@babel/runtime/-/runtime-7.14.0.tgz",
      "integrity": "sha512-JELkvo/DlpNdJ7dlyw/eY7E0suy5i5GQH+Vlxaq1nsNJ+H7f4Vtv3jMeCEgRhZZQFXTjldYfQgv2qmM6M1v5wA==",
      "requires": {
        "regenerator-runtime": "^0.13.4"
      }
    },
    "@ctrl/tinycolor": {
      "version": "3.4.0",
      "resolved": "https://registry.npmjs.org/@ctrl/tinycolor/-/tinycolor-3.4.0.tgz",
      "integrity": "sha512-JZButFdZ1+/xAfpguQHoabIXkcqRRKpMrWKBkpEZZyxfY9C1DpADFB8PEqGSTeFr135SaTRfKqGKx5xSCLI7ZQ=="
    },
    "@types/node": {
      "version": "15.6.0",
      "resolved": "https://registry.npmjs.org/@types/node/-/node-15.6.0.tgz",
      "integrity": "sha512-gCYSfQpy+LYhOFTKAeE8BkyGqaxmlFxe+n4DKM6DR0wzw/HISUE/hAmkC/KT8Sw5PCJblqg062b3z9gucv3k0A==",
      "dev": true
    },
    "@types/prop-types": {
      "version": "15.7.3",
      "resolved": "https://registry.npmjs.org/@types/prop-types/-/prop-types-15.7.3.tgz",
      "integrity": "sha512-KfRL3PuHmqQLOG+2tGpRO26Ctg+Cq1E01D2DMriKEATHgWLfeNDmq9e29Q9WIky0dQ3NPkd1mzYH8Lm936Z9qw==",
      "dev": true
    },
    "@types/react": {
      "version": "17.0.6",
      "resolved": "https://registry.npmjs.org/@types/react/-/react-17.0.6.tgz",
      "integrity": "sha512-u/TtPoF/hrvb63LdukET6ncaplYsvCvmkceasx8oG84/ZCsoLxz9Z/raPBP4lTAiWW1Jb889Y9svHmv8R26dWw==",
      "dev": true,
      "requires": {
        "@types/prop-types": "*",
        "@types/scheduler": "*",
        "csstype": "^3.0.2"
      }
    },
    "@types/scheduler": {
      "version": "0.16.1",
      "resolved": "https://registry.npmjs.org/@types/scheduler/-/scheduler-0.16.1.tgz",
      "integrity": "sha512-EaCxbanVeyxDRTQBkdLb3Bvl/HK7PBK6UJjsSixB0iHKoWxE5uu2Q/DgtpOhPIojN0Zl1whvOd7PoHs2P0s5eA==",
      "dev": true
    },
    "antd": {
      "version": "4.15.6",
      "resolved": "https://registry.npmjs.org/antd/-/antd-4.15.6.tgz",
      "integrity": "sha512-uXn1uRFlPLrAmjfkyxKc3avMVO5N30o3YoSMSJPRw5OLNjOfWsnZDPKvZwinn+QQE9N7dRXylcMfNvl11LH2gA==",
      "requires": {
        "@ant-design/colors": "^6.0.0",
        "@ant-design/icons": "^4.6.2",
        "@ant-design/react-slick": "~0.28.1",
        "@babel/runtime": "^7.12.5",
        "array-tree-filter": "^2.1.0",
        "classnames": "^2.2.6",
        "copy-to-clipboard": "^3.2.0",
        "lodash": "^4.17.21",
        "moment": "^2.25.3",
        "rc-cascader": "~1.4.0",
        "rc-checkbox": "~2.3.0",
        "rc-collapse": "~3.1.0",
        "rc-dialog": "~8.5.1",
        "rc-drawer": "~4.3.0",
        "rc-dropdown": "~3.2.0",
        "rc-field-form": "~1.20.0",
        "rc-image": "~5.2.4",
        "rc-input-number": "~7.1.0",
        "rc-mentions": "~1.5.0",
        "rc-menu": "~8.10.0",
        "rc-motion": "^2.4.0",
        "rc-notification": "~4.5.2",
        "rc-pagination": "~3.1.6",
        "rc-picker": "~2.5.10",
        "rc-progress": "~3.1.0",
        "rc-rate": "~2.9.0",
        "rc-resize-observer": "^1.0.0",
        "rc-select": "~12.1.6",
        "rc-slider": "~9.7.1",
        "rc-steps": "~4.1.0",
        "rc-switch": "~3.2.0",
        "rc-table": "~7.13.0",
        "rc-tabs": "~11.7.0",
        "rc-textarea": "~0.3.0",
        "rc-tooltip": "~5.1.1",
        "rc-tree": "~4.1.0",
        "rc-tree-select": "~4.3.0",
        "rc-trigger": "^5.2.1",
        "rc-upload": "~4.3.0",
        "rc-util": "^5.9.4",
        "scroll-into-view-if-needed": "^2.2.25",
        "warning": "^4.0.3"
      }
    },
    "array-tree-filter": {
      "version": "2.1.0",
      "resolved": "https://registry.npmjs.org/array-tree-filter/-/array-tree-filter-2.1.0.tgz",
      "integrity": "sha512-4ROwICNlNw/Hqa9v+rk5h22KjmzB1JGTMVKP2AKJBOCgb0yL0ASf0+YvCcLNNwquOHNX48jkeZIJ3a+oOQqKcw=="
    },
    "async-validator": {
      "version": "3.5.2",
      "resolved": "https://registry.npmjs.org/async-validator/-/async-validator-3.5.2.tgz",
      "integrity": "sha512-8eLCg00W9pIRZSB781UUX/H6Oskmm8xloZfr09lz5bikRpBVDlJ3hRVuxxP1SxcwsEYfJ4IU8Q19Y8/893r3rQ=="
    },
    "classnames": {
      "version": "2.3.1",
      "resolved": "https://registry.npmjs.org/classnames/-/classnames-2.3.1.tgz",
      "integrity": "sha512-OlQdbZ7gLfGarSqxesMesDa5uz7KFbID8Kpq/SxIoNGDqY8lSYs0D+hhtBXhcdB3rcbXArFr7vlHheLk1voeNA=="
    },
    "colorette": {
      "version": "1.2.2",
      "resolved": "https://registry.npmjs.org/colorette/-/colorette-1.2.2.tgz",
      "integrity": "sha512-MKGMzyfeuutC/ZJ1cba9NqcNpfeqMUcYmyF1ZFY6/Cn7CNSAKx6a+s48sqLqyAiZuaP2TcqMhoo+dlwFnVxT9w==",
      "dev": true
    },
    "compute-scroll-into-view": {
      "version": "1.0.17",
      "resolved": "https://registry.npmjs.org/compute-scroll-into-view/-/compute-scroll-into-view-1.0.17.tgz",
      "integrity": "sha512-j4dx+Fb0URmzbwwMUrhqWM2BEWHdFGx+qZ9qqASHRPqvTYdqvWnHg0H1hIbcyLnvgnoNAVMlwkepyqM3DaIFUg=="
    },
    "copy-anything": {
      "version": "2.0.3",
      "resolved": "https://registry.npmjs.org/copy-anything/-/copy-anything-2.0.3.tgz",
      "integrity": "sha512-GK6QUtisv4fNS+XcI7shX0Gx9ORg7QqIznyfho79JTnX1XhLiyZHfftvGiziqzRiEi/Bjhgpi+D2o7HxJFPnDQ==",
      "dev": true,
      "requires": {
        "is-what": "^3.12.0"
      }
    },
    "copy-to-clipboard": {
      "version": "3.3.1",
      "resolved": "https://registry.npmjs.org/copy-to-clipboard/-/copy-to-clipboard-3.3.1.tgz",
      "integrity": "sha512-i13qo6kIHTTpCm8/Wup+0b1mVWETvu2kIMzKoK8FpkLkFxlt0znUAHcMzox+T8sPlqtZXq3CulEjQHsYiGFJUw==",
      "requires": {
        "toggle-selection": "^1.0.6"
      }
    },
    "csstype": {
      "version": "3.0.8",
      "resolved": "https://registry.npmjs.org/csstype/-/csstype-3.0.8.tgz",
      "integrity": "sha512-jXKhWqXPmlUeoQnF/EhTtTl4C9SnrxSH/jZUih3jmO6lBKr99rP3/+FmrMj4EFpOXzMtXHAZkd3x0E6h6Fgflw==",
      "dev": true
    },
    "date-fns": {
      "version": "2.21.3",
      "resolved": "https://registry.npmjs.org/date-fns/-/date-fns-2.21.3.tgz",
      "integrity": "sha512-HeYdzCaFflc1i4tGbj7JKMjM4cKGYoyxwcIIkHzNgCkX8xXDNJDZXgDDVchIWpN4eQc3lH37WarduXFZJOtxfw=="
    },
    "debug": {
      "version": "3.2.7",
      "resolved": "https://registry.npmjs.org/debug/-/debug-3.2.7.tgz",
      "integrity": "sha512-CFjzYYAi4ThfiQvizrFQevTTXHtnCqWfe7x1AhgEscTz6ZbLbfoLRLPugTQyBth6f8ZERVUSyWHFD/7Wu4t1XQ==",
      "dev": true,
      "optional": true,
      "requires": {
        "ms": "^2.1.1"
      }
    },
    "dom-align": {
      "version": "1.12.1",
      "resolved": "https://registry.npmjs.org/dom-align/-/dom-align-1.12.1.tgz",
      "integrity": "sha512-CdTD9EdA5WviP8oO3n+okOm0Xt7dSuWxRTLcJiW0memwUr3Tvz66JDDCh9cb50IZFHXvBmLoyX454uJU/EVg+g=="
    },
    "errno": {
      "version": "0.1.8",
      "resolved": "https://registry.npmjs.org/errno/-/errno-0.1.8.tgz",
      "integrity": "sha512-dJ6oBr5SQ1VSd9qkk7ByRgb/1SH4JZjCHSW/mr63/QcXO9zLVxvJ6Oy13nio03rxpSnVDDjFor75SjVeZWPW/A==",
      "dev": true,
      "optional": true,
      "requires": {
        "prr": "~1.0.1"
      }
    },
    "esbuild": {
      "version": "0.11.23",
      "resolved": "https://registry.npmjs.org/esbuild/-/esbuild-0.11.23.tgz",
      "integrity": "sha512-iaiZZ9vUF5wJV8ob1tl+5aJTrwDczlvGP0JoMmnpC2B0ppiMCu8n8gmy5ZTGl5bcG081XBVn+U+jP+mPFm5T5Q==",
      "dev": true
    },
    "fsevents": {
      "version": "2.3.2",
      "resolved": "https://registry.npmjs.org/fsevents/-/fsevents-2.3.2.tgz",
      "integrity": "sha512-xiqMQR4xAeHTuB9uWm+fFRcIOgKBMiOBP+eXiyT7jsgVCq1bkVygt00oASowB7EdtpOHaaPgKt812P9ab+DDKA==",
      "dev": true,
      "optional": true
    },
    "function-bind": {
      "version": "1.1.1",
      "resolved": "https://registry.npmjs.org/function-bind/-/function-bind-1.1.1.tgz",
      "integrity": "sha512-yIovAzMX49sF8Yl58fSCWJ5svSLuaibPxXQJFLmBObTuCr0Mf1KiPopGM9NiFjiYBCbfaa2Fh6breQ6ANVTI0A==",
      "dev": true
    },
    "graceful-fs": {
      "version": "4.2.6",
      "resolved": "https://registry.npmjs.org/graceful-fs/-/graceful-fs-4.2.6.tgz",
      "integrity": "sha512-nTnJ528pbqxYanhpDYsi4Rd8MAeaBA67+RZ10CM1m3bTAVFEDcd5AuA4a6W5YkGZ1iNXHzZz8T6TBKLeBuNriQ==",
      "dev": true,
      "optional": true
    },
    "has": {
      "version": "1.0.3",
      "resolved": "https://registry.npmjs.org/has/-/has-1.0.3.tgz",
      "integrity": "sha512-f2dvO0VU6Oej7RkWJGrehjbzMAjFp5/VKPp5tTpWIV4JHHZK1/BxbFRtf/siA2SWTe09caDmVtYYzWEIbBS4zw==",
      "dev": true,
      "requires": {
        "function-bind": "^1.1.1"
      }
    },
    "hoist-non-react-statics": {
      "version": "3.3.2",
      "resolved": "https://registry.npmjs.org/hoist-non-react-statics/-/hoist-non-react-statics-3.3.2.tgz",
      "integrity": "sha512-/gGivxi8JPKWNm/W0jSmzcMPpfpPLc3dY/6GxhX2hQ9iGj3aDfklV4ET7NjKpSinLpJ5vafa9iiGIEZg10SfBw==",
      "requires": {
        "react-is": "^16.7.0"
      }
    },
    "iconv-lite": {
      "version": "0.4.24",
      "resolved": "https://registry.npmjs.org/iconv-lite/-/iconv-lite-0.4.24.tgz",
      "integrity": "sha512-v3MXnZAcvnywkTUEZomIActle7RXXeedOR31wwl7VlyoXO4Qi9arvSenNQWne1TcRwhCL1HwLI21bEqdpj8/rA==",
      "dev": true,
      "optional": true,
      "requires": {
        "safer-buffer": ">= 2.1.2 < 3"
      }
    },
    "image-size": {
      "version": "0.5.5",
      "resolved": "https://registry.npmjs.org/image-size/-/image-size-0.5.5.tgz",
      "integrity": "sha1-Cd/Uq50g4p6xw+gLiZA3jfnjy5w=",
      "dev": true,
      "optional": true
    },
    "is-core-module": {
      "version": "2.4.0",
      "resolved": "https://registry.npmjs.org/is-core-module/-/is-core-module-2.4.0.tgz",
      "integrity": "sha512-6A2fkfq1rfeQZjxrZJGerpLCTHRNEBiSgnu0+obeJpEPZRUooHgsizvzv0ZjJwOz3iWIHdJtVWJ/tmPr3D21/A==",
      "dev": true,
      "requires": {
        "has": "^1.0.3"
      }
    },
    "is-what": {
      "version": "3.14.1",
      "resolved": "https://registry.npmjs.org/is-what/-/is-what-3.14.1.tgz",
      "integrity": "sha512-sNxgpk9793nzSs7bA6JQJGeIuRBQhAaNGG77kzYQgMkrID+lS6SlK07K5LaptscDlSaIgH+GPFzf+d75FVxozA==",
      "dev": true
    },
    "js-tokens": {
      "version": "4.0.0",
      "resolved": "https://registry.npmjs.org/js-tokens/-/js-tokens-4.0.0.tgz",
      "integrity": "sha512-RdJUflcE3cUzKiMqQgsCu06FPu9UdIJO0beYbPhHN4k6apgJtifcoCtT9bcxOpYBtpD2kCM6Sbzg4CausW/PKQ=="
    },
    "json2mq": {
      "version": "0.2.0",
      "resolved": "https://registry.npmjs.org/json2mq/-/json2mq-0.2.0.tgz",
      "integrity": "sha1-tje9O6nqvhIsg+lyBIOusQ0skEo=",
      "requires": {
        "string-convert": "^0.2.0"
      }
    },
    "less": {
      "version": "4.1.1",
      "resolved": "https://registry.npmjs.org/less/-/less-4.1.1.tgz",
      "integrity": "sha512-w09o8tZFPThBscl5d0Ggp3RcrKIouBoQscnOMgFH3n5V3kN/CXGHNfCkRPtxJk6nKryDXaV9aHLK55RXuH4sAw==",
      "dev": true,
      "requires": {
        "copy-anything": "^2.0.1",
        "errno": "^0.1.1",
        "graceful-fs": "^4.1.2",
        "image-size": "~0.5.0",
        "make-dir": "^2.1.0",
        "mime": "^1.4.1",
        "needle": "^2.5.2",
        "parse-node-version": "^1.0.1",
        "source-map": "~0.6.0",
        "tslib": "^1.10.0"
      }
    },
    "lodash": {
      "version": "4.17.21",
      "resolved": "https://registry.npmjs.org/lodash/-/lodash-4.17.21.tgz",
      "integrity": "sha512-v2kDEe57lecTulaDIuNTPy3Ry4gLGJ6Z1O3vE1krgXZNrsQ+LFTGHVxVjcXPs17LhbZVGedAJv8XZ1tvj5FvSg=="
    },
    "loose-envify": {
      "version": "1.4.0",
      "resolved": "https://registry.npmjs.org/loose-envify/-/loose-envify-1.4.0.tgz",
      "integrity": "sha512-lyuxPGr/Wfhrlem2CL/UcnUc1zcqKAImBDzukY7Y5F/yQiNdko6+fRLevlw1HgMySw7f611UIY408EtxRSoK3Q==",
      "requires": {
        "js-tokens": "^3.0.0 || ^4.0.0"
      }
    },
    "make-dir": {
      "version": "2.1.0",
      "resolved": "https://registry.npmjs.org/make-dir/-/make-dir-2.1.0.tgz",
      "integrity": "sha512-LS9X+dc8KLxXCb8dni79fLIIUA5VyZoyjSMCwTluaXA0o27cCK0bhXkpgw+sTXVpPy/lSO57ilRixqk0vDmtRA==",
      "dev": true,
      "optional": true,
      "requires": {
        "pify": "^4.0.1",
        "semver": "^5.6.0"
      }
    },
    "mime": {
      "version": "1.6.0",
      "resolved": "https://registry.npmjs.org/mime/-/mime-1.6.0.tgz",
      "integrity": "sha512-x0Vn8spI+wuJ1O6S7gnbaQg8Pxh4NNHb7KSINmEWKiPE4RKOplvijn+NkmYmmRgP68mc70j2EbeTFRsrswaQeg==",
      "dev": true,
      "optional": true
    },
    "mini-store": {
      "version": "3.0.6",
      "resolved": "https://registry.npmjs.org/mini-store/-/mini-store-3.0.6.tgz",
      "integrity": "sha512-YzffKHbYsMQGUWQRKdsearR79QsMzzJcDDmZKlJBqt5JNkqpyJHYlK6gP61O36X+sLf76sO9G6mhKBe83gIZIQ==",
      "requires": {
        "hoist-non-react-statics": "^3.3.2",
        "shallowequal": "^1.0.2"
      }
    },
    "moment": {
      "version": "2.29.1",
      "resolved": "https://registry.npmjs.org/moment/-/moment-2.29.1.tgz",
      "integrity": "sha512-kHmoybcPV8Sqy59DwNDY3Jefr64lK/by/da0ViFcuA4DH0vQg5Q6Ze5VimxkfQNSC+Mls/Kx53s7TjP1RhFEDQ=="
    },
    "ms": {
      "version": "2.1.3",
      "resolved": "https://registry.npmjs.org/ms/-/ms-2.1.3.tgz",
      "integrity": "sha512-6FlzubTLZG3J2a/NVCAleEhjzq5oxgHyaCU9yYXvcLsvoVaHJq/s5xXI6/XXP6tz7R9xAOtHnSO/tXtF3WRTlA==",
      "dev": true,
      "optional": true
    },
    "nanoid": {
      "version": "3.1.23",
      "resolved": "https://registry.npmjs.org/nanoid/-/nanoid-3.1.23.tgz",
      "integrity": "sha512-FiB0kzdP0FFVGDKlRLEQ1BgDzU87dy5NnzjeW9YZNt+/c3+q82EQDUwniSAUxp/F0gFNI1ZhKU1FqYsMuqZVnw==",
      "dev": true
    },
    "needle": {
      "version": "2.6.0",
      "resolved": "https://registry.npmjs.org/needle/-/needle-2.6.0.tgz",
      "integrity": "sha512-KKYdza4heMsEfSWD7VPUIz3zX2XDwOyX2d+geb4vrERZMT5RMU6ujjaD+I5Yr54uZxQ2w6XRTAhHBbSCyovZBg==",
      "dev": true,
      "optional": true,
      "requires": {
        "debug": "^3.2.6",
        "iconv-lite": "^0.4.4",
        "sax": "^1.2.4"
      }
    },
    "object-assign": {
      "version": "4.1.1",
      "resolved": "https://registry.npmjs.org/object-assign/-/object-assign-4.1.1.tgz",
      "integrity": "sha1-IQmtx5ZYh8/AXLvUQsrIv7s2CGM="
    },
    "parse-node-version": {
      "version": "1.0.1",
      "resolved": "https://registry.npmjs.org/parse-node-version/-/parse-node-version-1.0.1.tgz",
      "integrity": "sha512-3YHlOa/JgH6Mnpr05jP9eDG254US9ek25LyIxZlDItp2iJtwyaXQb57lBYLdT3MowkUFYEV2XXNAYIPlESvJlA==",
      "dev": true
    },
    "path-parse": {
      "version": "1.0.6",
      "resolved": "https://registry.npmjs.org/path-parse/-/path-parse-1.0.6.tgz",
      "integrity": "sha512-GSmOT2EbHrINBf9SR7CDELwlJ8AENk3Qn7OikK4nFYAu3Ote2+JYNVvkpAEQm3/TLNEJFD/xZJjzyxg3KBWOzw==",
      "dev": true
    },
    "pify": {
      "version": "4.0.1",
      "resolved": "https://registry.npmjs.org/pify/-/pify-4.0.1.tgz",
      "integrity": "sha512-uB80kBFb/tfd68bVleG9T5GGsGPjJrLAUpR5PZIrhBnIaRTQRjqdJSsIKkOP6OAIFbj7GOrcudc5pNjZ+geV2g==",
      "dev": true,
      "optional": true
    },
    "postcss": {
      "version": "8.3.0",
      "resolved": "https://registry.npmjs.org/postcss/-/postcss-8.3.0.tgz",
      "integrity": "sha512-+ogXpdAjWGa+fdYY5BQ96V/6tAo+TdSSIMP5huJBIygdWwKtVoB5JWZ7yUd4xZ8r+8Kvvx4nyg/PQ071H4UtcQ==",
      "dev": true,
      "requires": {
        "colorette": "^1.2.2",
        "nanoid": "^3.1.23",
        "source-map-js": "^0.6.2"
      }
    },
    "prr": {
      "version": "1.0.1",
      "resolved": "https://registry.npmjs.org/prr/-/prr-1.0.1.tgz",
      "integrity": "sha1-0/wRS6BplaRexok/SEzrHXj19HY=",
      "dev": true,
      "optional": true
    },
    "rc-align": {
      "version": "4.0.9",
      "resolved": "https://registry.npmjs.org/rc-align/-/rc-align-4.0.9.tgz",
      "integrity": "sha512-myAM2R4qoB6LqBul0leaqY8gFaiECDJ3MtQDmzDo9xM9NRT/04TvWOYd2YHU9zvGzqk9QXF6S9/MifzSKDZeMw==",
      "requires": {
        "@babel/runtime": "^7.10.1",
        "classnames": "2.x",
        "dom-align": "^1.7.0",
        "rc-util": "^5.3.0",
        "resize-observer-polyfill": "^1.5.1"
      }
    },
    "rc-cascader": {
      "version": "1.4.2",
      "resolved": "https://registry.npmjs.org/rc-cascader/-/rc-cascader-1.4.2.tgz",
      "integrity": "sha512-JVuLGrSi+3G8DZyPvlKlGVWJjhoi9NTz6REHIgRspa5WnznRkKGm2ejb0jJtz0m2IL8Q9BG4ZA2sXuqAu71ltQ==",
      "requires": {
        "@babel/runtime": "^7.12.5",
        "array-tree-filter": "^2.1.0",
        "rc-trigger": "^5.0.4",
        "rc-util": "^5.0.1",
        "warning": "^4.0.1"
      }
    },
    "rc-checkbox": {
      "version": "2.3.2",
      "resolved": "https://registry.npmjs.org/rc-checkbox/-/rc-checkbox-2.3.2.tgz",
      "integrity": "sha512-afVi1FYiGv1U0JlpNH/UaEXdh6WUJjcWokj/nUN2TgG80bfG+MDdbfHKlLcNNba94mbjy2/SXJ1HDgrOkXGAjg==",
      "requires": {
        "@babel/runtime": "^7.10.1",
        "classnames": "^2.2.1"
      }
    },
    "rc-collapse": {
      "version": "3.1.0",
      "resolved": "https://registry.npmjs.org/rc-collapse/-/rc-collapse-3.1.0.tgz",
      "integrity": "sha512-EwpNPJcLe7b+5JfyaxM9ZNnkCgqArt3QQO0Cr5p5plwz/C9h8liAmjYY5I4+hl9lAjBqb7ZwLu94+z+rt5g1WQ==",
      "requires": {
        "@babel/runtime": "^7.10.1",
        "classnames": "2.x",
        "rc-motion": "^2.3.4",
        "rc-util": "^5.2.1",
        "shallowequal": "^1.1.0"
      }
    },
    "rc-dialog": {
      "version": "8.5.2",
      "resolved": "https://registry.npmjs.org/rc-dialog/-/rc-dialog-8.5.2.tgz",
      "integrity": "sha512-3n4taFcjqhTE9uNuzjB+nPDeqgRBTEGBfe46mb1e7r88DgDo0lL4NnxY/PZ6PJKd2tsCt+RrgF/+YeTvJ/Thsw==",
      "requires": {
        "@babel/runtime": "^7.10.1",
        "classnames": "^2.2.6",
        "rc-motion": "^2.3.0",
        "rc-util": "^5.6.1"
      }
    },
    "rc-drawer": {
      "version": "4.3.1",
      "resolved": "https://registry.npmjs.org/rc-drawer/-/rc-drawer-4.3.1.tgz",
      "integrity": "sha512-GMfFy4maqxS9faYXEhQ+0cA1xtkddEQzraf6SAdzWbn444DrrLogwYPk1NXSpdXjLCLxgxOj9MYtyYG42JsfXg==",
      "requires": {
        "@babel/runtime": "^7.10.1",
        "classnames": "^2.2.6",
        "rc-util": "^5.7.0"
      }
    },
    "rc-dropdown": {
      "version": "3.2.0",
      "resolved": "https://registry.npmjs.org/rc-dropdown/-/rc-dropdown-3.2.0.tgz",
      "integrity": "sha512-j1HSw+/QqlhxyTEF6BArVZnTmezw2LnSmRk6I9W7BCqNCKaRwleRmMMs1PHbuaG8dKHVqP6e21RQ7vPBLVnnNw==",
      "requires": {
        "@babel/runtime": "^7.10.1",
        "classnames": "^2.2.6",
        "rc-trigger": "^5.0.4"
      }
    },
    "rc-field-form": {
      "version": "1.20.1",
      "resolved": "https://registry.npmjs.org/rc-field-form/-/rc-field-form-1.20.1.tgz",
      "integrity": "sha512-f64KEZop7zSlrG4ef/PLlH12SLn6iHDQ3sTG+RfKBM45hikwV1i8qMf53xoX12NvXXWg1VwchggX/FSso4bWaA==",
      "requires": {
        "@babel/runtime": "^7.8.4",
        "async-validator": "^3.0.3",
        "rc-util": "^5.8.0"
      }
    },
    "rc-image": {
      "version": "5.2.4",
      "resolved": "https://registry.npmjs.org/rc-image/-/rc-image-5.2.4.tgz",
      "integrity": "sha512-kWOjhZC1OoGKfvWqtDoO9r8WUNswBwnjcstI6rf7HMudz0usmbGvewcWqsOhyaBRJL9+I4eeG+xiAoxV1xi75Q==",
      "requires": {
        "@babel/runtime": "^7.11.2",
        "classnames": "^2.2.6",
        "rc-dialog": "~8.5.0",
        "rc-util": "^5.0.6"
      }
    },
    "rc-input-number": {
      "version": "7.1.3",
      "resolved": "https://registry.npmjs.org/rc-input-number/-/rc-input-number-7.1.3.tgz",
      "integrity": "sha512-o7/YTXAnxio53lCV402OcFRn8/jcm6YfKjCzPd+al0drQ7oyQkjQqcWbacSQwwN4gCHmqXGfgnRuAuBHoYz1dw==",
      "requires": {
        "@babel/runtime": "^7.10.1",
        "classnames": "^2.2.5",
        "rc-util": "^5.9.8"
      }
    },
    "rc-mentions": {
      "version": "1.5.3",
      "resolved": "https://registry.npmjs.org/rc-mentions/-/rc-mentions-1.5.3.tgz",
      "integrity": "sha512-NG/KB8YiKBCJPHHvr/QapAb4f9YzLJn7kDHtmI1K6t7ZMM5YgrjIxNNhoRKKP9zJvb9PdPts69Hbg4ZMvLVIFQ==",
      "requires": {
        "@babel/runtime": "^7.10.1",
        "classnames": "^2.2.6",
        "rc-menu": "^8.0.1",
        "rc-textarea": "^0.3.0",
        "rc-trigger": "^5.0.4",
        "rc-util": "^5.0.1"
      }
    },
    "rc-menu": {
      "version": "8.10.8",
      "resolved": "https://registry.npmjs.org/rc-menu/-/rc-menu-8.10.8.tgz",
      "integrity": "sha512-0gnSR0nmR/60NnK+72EGd+QheHyPSQ3wYg1TwX1zl0JJ9Gm0purFFykCXVv/G0Jynpt0QySPAos+bpHpjMZdoQ==",
      "requires": {
        "@babel/runtime": "^7.10.1",
        "classnames": "2.x",
        "mini-store": "^3.0.1",
        "rc-motion": "^2.0.1",
        "rc-trigger": "^5.1.2",
        "rc-util": "^5.7.0",
        "resize-observer-polyfill": "^1.5.0",
        "shallowequal": "^1.1.0"
      }
    },
    "rc-motion": {
      "version": "2.4.3",
      "resolved": "https://registry.npmjs.org/rc-motion/-/rc-motion-2.4.3.tgz",
      "integrity": "sha512-GZLLFXHl/VqTfI7bSZNNZozcblNmDka1AAoQig7EZ6s0rWg5y0RlgrcHWO+W+nrOVbYfJDxoaQUoP2fEmvCWmA==",
      "requires": {
        "@babel/runtime": "^7.11.1",
        "classnames": "^2.2.1",
        "rc-util": "^5.2.1"
      }
    },
    "rc-notification": {
      "version": "4.5.5",
      "resolved": "https://registry.npmjs.org/rc-notification/-/rc-notification-4.5.5.tgz",
      "integrity": "sha512-YIfhTSw+h5GsSdgMnuMx24wqiPlg3FeamuOlkh9RkyHx+SeZVAKzQ0juy2NGvPEF2hDWi5xTqxUqLdo0L2AmGg==",
      "requires": {
        "@babel/runtime": "^7.10.1",
        "classnames": "2.x",
        "rc-motion": "^2.2.0",
        "rc-util": "^5.0.1"
      }
    },
    "rc-overflow": {
      "version": "1.1.1",
      "resolved": "https://registry.npmjs.org/rc-overflow/-/rc-overflow-1.1.1.tgz",
      "integrity": "sha512-bkGrxvWtz6xQfxBPBQcN8xOEHFCeG0R4pfLAku6kFLQF9NPMTt5HvT+Bq0+stqom9eI3WRlun6RPzfjTamPwew==",
      "requires": {
        "@babel/runtime": "^7.11.1",
        "classnames": "^2.2.1",
        "rc-resize-observer": "^1.0.0",
        "rc-util": "^5.5.1"
      }
    },
    "rc-pagination": {
      "version": "3.1.6",
      "resolved": "https://registry.npmjs.org/rc-pagination/-/rc-pagination-3.1.6.tgz",
      "integrity": "sha512-Pb2zJEt8uxXzYCWx/2qwsYZ3vSS9Eqdw0cJBli6C58/iYhmvutSBqrBJh51Z5UzYc5ZcW5CMeP5LbbKE1J3rpw==",
      "requires": {
        "@babel/runtime": "^7.10.1",
        "classnames": "^2.2.1"
      }
    },
    "rc-picker": {
      "version": "2.5.10",
      "resolved": "https://registry.npmjs.org/rc-picker/-/rc-picker-2.5.10.tgz",
      "integrity": "sha512-d2or2jql9SSY8CaRPybpbKkXBq3bZ6g88UKyWQZBLTCrc92Xm87RfRC/P3UEQo/CLmia3jVF7IXVi1HmNe2DZA==",
      "requires": {
        "@babel/runtime": "^7.10.1",
        "classnames": "^2.2.1",
        "date-fns": "^2.15.0",
        "moment": "^2.24.0",
        "rc-trigger": "^5.0.4",
        "rc-util": "^5.4.0",
        "shallowequal": "^1.1.0"
      }
    },
    "rc-progress": {
      "version": "3.1.4",
      "resolved": "https://registry.npmjs.org/rc-progress/-/rc-progress-3.1.4.tgz",
      "integrity": "sha512-XBAif08eunHssGeIdxMXOmRQRULdHaDdIFENQ578CMb4dyewahmmfJRyab+hw4KH4XssEzzYOkAInTLS7JJG+Q==",
      "requires": {
        "@babel/runtime": "^7.10.1",
        "classnames": "^2.2.6"
      }
    },
    "rc-rate": {
      "version": "2.9.1",
      "resolved": "https://registry.npmjs.org/rc-rate/-/rc-rate-2.9.1.tgz",
      "integrity": "sha512-MmIU7FT8W4LYRRHJD1sgG366qKtSaKb67D0/vVvJYR0lrCuRrCiVQ5qhfT5ghVO4wuVIORGpZs7ZKaYu+KMUzA==",
      "requires": {
        "@babel/runtime": "^7.10.1",
        "classnames": "^2.2.5",
        "rc-util": "^5.0.1"
      }
    },
    "rc-resize-observer": {
      "version": "1.0.0",
      "resolved": "https://registry.npmjs.org/rc-resize-observer/-/rc-resize-observer-1.0.0.tgz",
      "integrity": "sha512-RgKGukg1mlzyGdvzF7o/LGFC8AeoMH9aGzXTUdp6m+OApvmRdUuOscq/Y2O45cJA+rXt1ApWlpFoOIioXL3AGg==",
      "requires": {
        "@babel/runtime": "^7.10.1",
        "classnames": "^2.2.1",
        "rc-util": "^5.0.0",
        "resize-observer-polyfill": "^1.5.1"
      }
    },
    "rc-select": {
      "version": "12.1.10",
      "resolved": "https://registry.npmjs.org/rc-select/-/rc-select-12.1.10.tgz",
      "integrity": "sha512-LQdUhYncvcULlrNcAShYicc1obPtnNK7/rvCD+YCm0b2BLLYxl3M3b/HOX6o+ppPej+yZulkUPeU6gcgcp9nag==",
      "requires": {
        "@babel/runtime": "^7.10.1",
        "classnames": "2.x",
        "rc-motion": "^2.0.1",
        "rc-overflow": "^1.0.0",
        "rc-trigger": "^5.0.4",
        "rc-util": "^5.9.8",
        "rc-virtual-list": "^3.2.0"
      }
    },
    "rc-slider": {
      "version": "9.7.2",
      "resolved": "https://registry.npmjs.org/rc-slider/-/rc-slider-9.7.2.tgz",
      "integrity": "sha512-mVaLRpDo6otasBs6yVnG02ykI3K6hIrLTNfT5eyaqduFv95UODI9PDS6fWuVVehVpdS4ENgOSwsTjrPVun+k9g==",
      "requires": {
        "@babel/runtime": "^7.10.1",
        "classnames": "^2.2.5",
        "rc-tooltip": "^5.0.1",
        "rc-util": "^5.0.0",
        "shallowequal": "^1.1.0"
      }
    },
    "rc-steps": {
      "version": "4.1.3",
      "resolved": "https://registry.npmjs.org/rc-steps/-/rc-steps-4.1.3.tgz",
      "integrity": "sha512-GXrMfWQOhN3sVze3JnzNboHpQdNHcdFubOETUHyDpa/U3HEKBZC3xJ8XK4paBgF4OJ3bdUVLC+uBPc6dCxvDYA==",
      "requires": {
        "@babel/runtime": "^7.10.2",
        "classnames": "^2.2.3",
        "rc-util": "^5.0.1"
      }
    },
    "rc-switch": {
      "version": "3.2.2",
      "resolved": "https://registry.npmjs.org/rc-switch/-/rc-switch-3.2.2.tgz",
      "integrity": "sha512-+gUJClsZZzvAHGy1vZfnwySxj+MjLlGRyXKXScrtCTcmiYNPzxDFOxdQ/3pK1Kt/0POvwJ/6ALOR8gwdXGhs+A==",
      "requires": {
        "@babel/runtime": "^7.10.1",
        "classnames": "^2.2.1",
        "rc-util": "^5.0.1"
      }
    },
    "rc-table": {
      "version": "7.13.3",
      "resolved": "https://registry.npmjs.org/rc-table/-/rc-table-7.13.3.tgz",
      "integrity": "sha512-oP4fknjvKCZAaiDnvj+yzBaWcg+JYjkASbeWonU1BbrLcomkpKvMUgPODNEzg0QdXA9OGW0PO86h4goDSW06Kg==",
      "requires": {
        "@babel/runtime": "^7.10.1",
        "classnames": "^2.2.5",
        "rc-resize-observer": "^1.0.0",
        "rc-util": "^5.4.0",
        "shallowequal": "^1.1.0"
      }
    },
    "rc-tabs": {
      "version": "11.7.3",
      "resolved": "https://registry.npmjs.org/rc-tabs/-/rc-tabs-11.7.3.tgz",
      "integrity": "sha512-5nd2NVss9TprPRV9r8N05SjQyAE7zDrLejxFLcbJ+BdLxSwnGnk3ws/Iq0smqKZUnPQC0XEvnpF3+zlllUUT2w==",
      "requires": {
        "@babel/runtime": "^7.11.2",
        "classnames": "2.x",
        "rc-dropdown": "^3.1.3",
        "rc-menu": "^8.6.1",
        "rc-resize-observer": "^1.0.0",
        "rc-util": "^5.5.0"
      }
    },
    "rc-textarea": {
      "version": "0.3.4",
      "resolved": "https://registry.npmjs.org/rc-textarea/-/rc-textarea-0.3.4.tgz",
      "integrity": "sha512-ILUYx831ZukQPv3m7R4RGRtVVWmL1LV4ME03L22mvT56US0DGCJJaRTHs4vmpcSjFHItph5OTmhodY4BOwy81A==",
      "requires": {
        "@babel/runtime": "^7.10.1",
        "classnames": "^2.2.1",
        "rc-resize-observer": "^1.0.0",
        "rc-util": "^5.7.0"
      }
    },
    "rc-tooltip": {
      "version": "5.1.1",
      "resolved": "https://registry.npmjs.org/rc-tooltip/-/rc-tooltip-5.1.1.tgz",
      "integrity": "sha512-alt8eGMJulio6+4/uDm7nvV+rJq9bsfxFDCI0ljPdbuoygUscbsMYb6EQgwib/uqsXQUvzk+S7A59uYHmEgmDA==",
      "requires": {
        "@babel/runtime": "^7.11.2",
        "rc-trigger": "^5.0.0"
      }
    },
    "rc-tree": {
      "version": "4.1.5",
      "resolved": "https://registry.npmjs.org/rc-tree/-/rc-tree-4.1.5.tgz",
      "integrity": "sha512-q2vjcmnBDylGZ9/ZW4F9oZMKMJdbFWC7um+DAQhZG1nqyg1iwoowbBggUDUaUOEryJP+08bpliEAYnzJXbI5xQ==",
      "requires": {
        "@babel/runtime": "^7.10.1",
        "classnames": "2.x",
        "rc-motion": "^2.0.1",
        "rc-util": "^5.0.0",
        "rc-virtual-list": "^3.0.1"
      }
    },
    "rc-tree-select": {
      "version": "4.3.2",
      "resolved": "https://registry.npmjs.org/rc-tree-select/-/rc-tree-select-4.3.2.tgz",
      "integrity": "sha512-tkouzhl8OpbTg4C9tVuP8nJ5jiZS7/wiusOIcFVgswhs1V3Jc+XHMKpLhR01egJ1bgsW1A6VrVCz3udxtdJSDA==",
      "requires": {
        "@babel/runtime": "^7.10.1",
        "classnames": "2.x",
        "rc-select": "^12.0.0",
        "rc-tree": "^4.0.0",
        "rc-util": "^5.0.5"
      }
    },
    "rc-trigger": {
      "version": "5.2.8",
      "resolved": "https://registry.npmjs.org/rc-trigger/-/rc-trigger-5.2.8.tgz",
      "integrity": "sha512-Tn84oGmvNBLXI+ptpzxyJx4ArKTduuB6l74ShDLhDaJaF9f5JAMizfx31L30ELVIzRr3Ze4sekG7rzwPGwVOdw==",
      "requires": {
        "@babel/runtime": "^7.11.2",
        "classnames": "^2.2.6",
        "rc-align": "^4.0.0",
        "rc-motion": "^2.0.0",
        "rc-util": "^5.5.0"
      }
    },
    "rc-upload": {
      "version": "4.3.0",
      "resolved": "https://registry.npmjs.org/rc-upload/-/rc-upload-4.3.0.tgz",
      "integrity": "sha512-wDXf1ZdUTwBIfagTof1MJDjOHZ6xluD0xcgojYZeAZSi+3Doyc21jNV8bRIeK5jx/OQmllrpQp1/MWKkqvkBhg==",
      "requires": {
        "@babel/runtime": "^7.10.1",
        "classnames": "^2.2.5",
        "rc-util": "^5.2.0"
      }
    },
    "rc-util": {
      "version": "5.13.0",
      "resolved": "https://registry.npmjs.org/rc-util/-/rc-util-5.13.0.tgz",
      "integrity": "sha512-hDnFgTt7uLowVNAtWxkCrVdVipqt+4IFyvasMglk9iiWMz/zXB5RjYArPp8hZ6TrxtrdctExh0qTJB3AqwLLRQ==",
      "requires": {
        "@babel/runtime": "^7.12.5",
        "react-is": "^16.12.0",
        "shallowequal": "^1.1.0"
      }
    },
    "rc-virtual-list": {
      "version": "3.2.6",
      "resolved": "https://registry.npmjs.org/rc-virtual-list/-/rc-virtual-list-3.2.6.tgz",
      "integrity": "sha512-8FiQLDzm3c/tMX0d62SQtKDhLH7zFlSI6pWBAPt+TUntEqd3Lz9zFAmpvTu8gkvUom/HCsDSZs4wfV4wDPWC0Q==",
      "requires": {
        "classnames": "^2.2.6",
        "rc-resize-observer": "^1.0.0",
        "rc-util": "^5.0.7"
      }
    },
    "react": {
      "version": "17.0.2",
      "resolved": "https://registry.npmjs.org/react/-/react-17.0.2.tgz",
      "integrity": "sha512-gnhPt75i/dq/z3/6q/0asP78D0u592D5L1pd7M8P+dck6Fu/jJeL6iVVK23fptSUZj8Vjf++7wXA8UNclGQcbA==",
      "requires": {
        "loose-envify": "^1.1.0",
        "object-assign": "^4.1.1"
      }
    },
    "react-is": {
      "version": "16.13.1",
      "resolved": "https://registry.npmjs.org/react-is/-/react-is-16.13.1.tgz",
      "integrity": "sha512-24e6ynE2H+OKt4kqsOvNd8kBpV65zoxbA4BVsEOB3ARVWQki/DHzaUoC5KuON/BiccDaCCTZBuOcfZs70kR8bQ=="
    },
    "regenerator-runtime": {
      "version": "0.13.7",
      "resolved": "https://registry.npmjs.org/regenerator-runtime/-/regenerator-runtime-0.13.7.tgz",
      "integrity": "sha512-a54FxoJDIr27pgf7IgeQGxmqUNYrcV338lf/6gH456HZ/PhX+5BcwHXG9ajESmwe6WRO0tAzRUrRmNONWgkrew=="
    },
    "resize-observer-polyfill": {
      "version": "1.5.1",
      "resolved": "https://registry.npmjs.org/resize-observer-polyfill/-/resize-observer-polyfill-1.5.1.tgz",
      "integrity": "sha512-LwZrotdHOo12nQuZlHEmtuXdqGoOD0OhaxopaNFxWzInpEgaLWoVuAMbTzixuosCx2nEG58ngzW3vxdWoxIgdg=="
    },
    "resolve": {
      "version": "1.20.0",
      "resolved": "https://registry.npmjs.org/resolve/-/resolve-1.20.0.tgz",
      "integrity": "sha512-wENBPt4ySzg4ybFQW2TT1zMQucPK95HSh/nq2CFTZVOGut2+pQvSsgtda4d26YrYcr067wjbmzOG8byDPBX63A==",
      "dev": true,
      "requires": {
        "is-core-module": "^2.2.0",
        "path-parse": "^1.0.6"
      }
    },
    "rollup": {
      "version": "2.49.0",
      "resolved": "https://registry.npmjs.org/rollup/-/rollup-2.49.0.tgz",
      "integrity": "sha512-UnrCjMXICx9q0jF8L7OYs7LPk95dW0U5UYp/VANnWqfuhyr66FWi/YVlI34Oy8Tp4ZGLcaUDt4APJm80b9oPWQ==",
      "dev": true,
      "requires": {
        "fsevents": "~2.3.1"
      }
    },
    "safer-buffer": {
      "version": "2.1.2",
      "resolved": "https://registry.npmjs.org/safer-buffer/-/safer-buffer-2.1.2.tgz",
      "integrity": "sha512-YZo3K82SD7Riyi0E1EQPojLz7kpepnSQI9IyPbHHg1XXXevb5dJI7tpyN2ADxGcQbHG7vcyRHk0cbwqcQriUtg==",
      "dev": true,
      "optional": true
    },
    "sax": {
      "version": "1.2.4",
      "resolved": "https://registry.npmjs.org/sax/-/sax-1.2.4.tgz",
      "integrity": "sha512-NqVDv9TpANUjFm0N8uM5GxL36UgKi9/atZw+x7YFnQ8ckwFGKrl4xX4yWtrey3UJm5nP1kUbnYgLopqWNSRhWw==",
      "dev": true,
      "optional": true
    },
    "scroll-into-view-if-needed": {
      "version": "2.2.28",
      "resolved": "https://registry.npmjs.org/scroll-into-view-if-needed/-/scroll-into-view-if-needed-2.2.28.tgz",
      "integrity": "sha512-8LuxJSuFVc92+0AdNv4QOxRL4Abeo1DgLnGNkn1XlaujPH/3cCFz3QI60r2VNu4obJJROzgnIUw5TKQkZvZI1w==",
      "requires": {
        "compute-scroll-into-view": "^1.0.17"
      }
    },
    "semver": {
      "version": "5.7.1",
      "resolved": "https://registry.npmjs.org/semver/-/semver-5.7.1.tgz",
      "integrity": "sha512-sauaDf/PZdVgrLTNYHRtpXa1iRiKcaebiKQ1BJdpQlWH2lCvexQdX55snPFyK7QzpudqbCI0qXFfOasHdyNDGQ==",
      "dev": true,
      "optional": true
    },
    "shallowequal": {
      "version": "1.1.0",
      "resolved": "https://registry.npmjs.org/shallowequal/-/shallowequal-1.1.0.tgz",
      "integrity": "sha512-y0m1JoUZSlPAjXVtPPW70aZWfIL/dSP7AFkRnniLCrK/8MDKog3TySTBmckD+RObVxH0v4Tox67+F14PdED2oQ=="
    },
    "source-map": {
      "version": "0.6.1",
      "resolved": "https://registry.npmjs.org/source-map/-/source-map-0.6.1.tgz",
      "integrity": "sha512-UjgapumWlbMhkBgzT7Ykc5YXUT46F0iKu8SGXq0bcwP5dz/h0Plj6enJqjz1Zbq2l5WaqYnrVbwWOWMyF3F47g==",
      "dev": true,
      "optional": true
    },
    "source-map-js": {
      "version": "0.6.2",
      "resolved": "https://registry.npmjs.org/source-map-js/-/source-map-js-0.6.2.tgz",
      "integrity": "sha512-/3GptzWzu0+0MBQFrDKzw/DvvMTUORvgY6k6jd/VS6iCR4RDTKWH6v6WPwQoUO8667uQEf9Oe38DxAYWY5F/Ug==",
      "dev": true
    },
    "string-convert": {
      "version": "0.2.1",
      "resolved": "https://registry.npmjs.org/string-convert/-/string-convert-0.2.1.tgz",
      "integrity": "sha1-aYLMMEn7tM2F+LJFaLnZvznu/5c="
    },
    "toggle-selection": {
      "version": "1.0.6",
      "resolved": "https://registry.npmjs.org/toggle-selection/-/toggle-selection-1.0.6.tgz",
      "integrity": "sha1-bkWxJj8gF/oKzH2J14sVuL932jI="
    },
    "tslib": {
      "version": "1.14.1",
      "resolved": "https://registry.npmjs.org/tslib/-/tslib-1.14.1.tgz",
      "integrity": "sha512-Xni35NKzjgMrwevysHTCArtLDpPvye8zV/0E4EyYn43P7/7qvQwPh9BGkHewbMulVntbigmcT7rdX3BNo9wRJg==",
      "dev": true
    },
    "typescript": {
      "version": "4.2.4",
      "resolved": "https://registry.npmjs.org/typescript/-/typescript-4.2.4.tgz",
      "integrity": "sha512-V+evlYHZnQkaz8TRBuxTA92yZBPotr5H+WhQ7bD3hZUndx5tGOa1fuCgeSjxAzM1RiN5IzvadIXTVefuuwZCRg==",
      "dev": true
    },
    "vite": {
      "version": "2.3.3",
      "resolved": "https://registry.npmjs.org/vite/-/vite-2.3.3.tgz",
      "integrity": "sha512-eO1iwRbn3/BfkNVMNJDeANAFCZ5NobYOFPu7IqfY7DcI7I9nFGjJIZid0EViTmLDGwwSUPmRAq3cRBbO3+DsMA==",
      "dev": true,
      "requires": {
        "esbuild": "^0.11.23",
        "fsevents": "~2.3.1",
        "postcss": "^8.2.10",
        "resolve": "^1.19.0",
        "rollup": "^2.38.5"
      }
    },
    "warning": {
      "version": "4.0.3",
      "resolved": "https://registry.npmjs.org/warning/-/warning-4.0.3.tgz",
      "integrity": "sha512-rpJyN222KWIvHJ/F53XSZv0Zl/accqHR8et1kpaMTD/fLCRxtV8iX8czMzY7sVZupTI3zcUTg8eycS2kNF9l6w==",
      "requires": {
        "loose-envify": "^1.0.0"
      }
    }
  }
}
